
Microsoft Visual Studio Solution File, Format Version 12.00
# Visual Studio Version 16
VisualStudioVersion = 16.0.31005.135
MinimumVisualStudioVersion = 10.0.40219.1
Project("{FAE04EC0-301F-11D3-BF4B-00C04F79EFBC}") = "Confectionery", "Confectionery\Confectionery.csproj", "{8073503D-4E64-4FD3-96B7-1EACE9A646EB}"
EndProject
Global
	GlobalSection(SolutionConfigurationPlatforms) = preSolution
		Debug|Any CPU = Debug|Any CPU
		Release|Any CPU = Release|Any CPU
	EndGlobalSection
	GlobalSection(ProjectConfigurationPlatforms) = postSolution
		{8073503D-4E64-4FD3-96B7-1EACE9A646EB}.Debug|Any CPU.ActiveCfg = Debug|Any CPU
		{8073503D-4E64-4FD3-96B7-1EACE9A646EB}.Debug|Any CPU.Build.0 = Debug|Any CPU
		{8073503D-4E64-4FD3-96B7-1EACE9A646EB}.Release|Any CPU.ActiveCfg = Release|Any CPU
		{8073503D-4E64-4FD3-96B7-1EACE9A646EB}.Release|Any CPU.Build.0 = Release|Any CPU
	EndGlobalSection
	GlobalSection(SolutionProperties) = preSolution
		HideSolutionNode = FALSE
	EndGlobalSection
	GlobalSection(ExtensibilityGlobals) = postSolution
		SolutionGuid = {D69858FB-6EF5-4A1E-BF67-A634301B9481}
	EndGlobalSection
EndGlobal
